
Microsoft Visual Studio Solution File, Format Version 12.00
# Visual Studio Version 17
VisualStudioVersion = 17.11.35219.272
MinimumVisualStudioVersion = 10.0.40219.1
Project("{FAE04EC0-301F-11D3-BF4B-00C04F79EFBC}") = "Projecto1", "Projecto1\Projecto1.csproj", "{B07CAEB7-1094-42EB-84B9-30E9385C13C6}"
EndProject
Global
	GlobalSection(SolutionConfigurationPlatforms) = preSolution
		Debug|Any CPU = Debug|Any CPU
		Release|Any CPU = Release|Any CPU
	EndGlobalSection
	GlobalSection(ProjectConfigurationPlatforms) = postSolution
		{B07CAEB7-1094-42EB-84B9-30E9385C13C6}.Debug|Any CPU.ActiveCfg = Debug|Any CPU
		{B07CAEB7-1094-42EB-84B9-30E9385C13C6}.Debug|Any CPU.Build.0 = Debug|Any CPU
		{B07CAEB7-1094-42EB-84B9-30E9385C13C6}.Release|Any CPU.ActiveCfg = Release|Any CPU
		{B07CAEB7-1094-42EB-84B9-30E9385C13C6}.Release|Any CPU.Build.0 = Release|Any CPU
	EndGlobalSection
	GlobalSection(SolutionProperties) = preSolution
		HideSolutionNode = FALSE
	EndGlobalSection
	GlobalSection(ExtensibilityGlobals) = postSolution
		SolutionGuid = {F0ABC5A6-CA01-4080-B9C1-48348E70DA57}
	EndGlobalSection
EndGlobal
